// !$*UTF8*$!
{
	archiveVersion = 1;
	classes = {
	};
	objectVersion = 46;
	objects = {

/* Begin PBXBuildFile section */
		143807281EB9678C0009EC0B /* AppDelegate.m in Sources */ = {isa = PBXBuildFile; fileRef = 143807041EB9678C0009EC0B /* AppDelegate.m */; };
		1438072E1EB968FF0009EC0B /* CYMainTabbarViewController.m in Sources */ = {isa = PBXBuildFile; fileRef = 1438072D1EB968FF0009EC0B /* CYMainTabbarViewController.m */; };
		143807311EB96B3E0009EC0B /* CYBaseViewController.m in Sources */ = {isa = PBXBuildFile; fileRef = 143807301EB96B3E0009EC0B /* CYBaseViewController.m */; };
		143807371EB96BDB0009EC0B /* CYBaseTableViewController.m in Sources */ = {isa = PBXBuildFile; fileRef = 143807361EB96BDB0009EC0B /* CYBaseTableViewController.m */; };
		143807491EB96E620009EC0B /* CYTrainViewController.m in Sources */ = {isa = PBXBuildFile; fileRef = 143807481EB96E620009EC0B /* CYTrainViewController.m */; };
		1438074C1EB96E850009EC0B /* CYDiscoverViewController.m in Sources */ = {isa = PBXBuildFile; fileRef = 1438074B1EB96E850009EC0B /* CYDiscoverViewController.m */; };
		1438074F1EB96E9A0009EC0B /* CYCompetitionViewController.m in Sources */ = {isa = PBXBuildFile; fileRef = 1438074E1EB96E9A0009EC0B /* CYCompetitionViewController.m */; };
		143807521EB96EB00009EC0B /* CYStoreViewController.m in Sources */ = {isa = PBXBuildFile; fileRef = 143807511EB96EB00009EC0B /* CYStoreViewController.m */; };
		143807551EB96EC80009EC0B /* CYMeViewController.m in Sources */ = {isa = PBXBuildFile; fileRef = 143807541EB96EC80009EC0B /* CYMeViewController.m */; };
		143807581EB96FF80009EC0B /* CYBaseNavigationViewController.m in Sources */ = {isa = PBXBuildFile; fileRef = 143807571EB96FF80009EC0B /* CYBaseNavigationViewController.m */; };
		1438075F1EB9A2CF0009EC0B /* CYDiscoverTitleView.m in Sources */ = {isa = PBXBuildFile; fileRef = 1438075E1EB9A2CF0009EC0B /* CYDiscoverTitleView.m */; };
		143807621EB9A9160009EC0B /* CYDiscoverTitleViewItemView.m in Sources */ = {isa = PBXBuildFile; fileRef = 143807611EB9A9160009EC0B /* CYDiscoverTitleViewItemView.m */; };
		143807651EB9B7B10009EC0B /* CYRecommendViewController.m in Sources */ = {isa = PBXBuildFile; fileRef = 143807641EB9B7B10009EC0B /* CYRecommendViewController.m */; };
		143807681EB9B8050009EC0B /* CYEvaluationViewController.m in Sources */ = {isa = PBXBuildFile; fileRef = 143807671EB9B8050009EC0B /* CYEvaluationViewController.m */; };
		1438076B1EB9B81E0009EC0B /* CYLoseWeightViewController.m in Sources */ = {isa = PBXBuildFile; fileRef = 1438076A1EB9B81E0009EC0B /* CYLoseWeightViewController.m */; };
		1438076E1EB9B8290009EC0B /* CYSportViewController.m in Sources */ = {isa = PBXBuildFile; fileRef = 1438076D1EB9B8290009EC0B /* CYSportViewController.m */; };
		143807731EB9D4460009EC0B /* UIView+Frame.m in Sources */ = {isa = PBXBuildFile; fileRef = 143807721EB9D4460009EC0B /* UIView+Frame.m */; };
		143807781EB9DB530009EC0B /* CYCustomSlideViewController.m in Sources */ = {isa = PBXBuildFile; fileRef = 143807771EB9DB530009EC0B /* CYCustomSlideViewController.m */; };
		145E58F41EBC2146006FE89D /* CYStateViewController.m in Sources */ = {isa = PBXBuildFile; fileRef = 145E58F31EBC2146006FE89D /* CYStateViewController.m */; };
		145E58F71EBC2163006FE89D /* CYFollowViewController.m in Sources */ = {isa = PBXBuildFile; fileRef = 145E58F61EBC2163006FE89D /* CYFollowViewController.m */; };
		145E58FA1EBC217A006FE89D /* CYFansViewController.m in Sources */ = {isa = PBXBuildFile; fileRef = 145E58F91EBC217A006FE89D /* CYFansViewController.m */; };
		145E58FD1EBC2E1E006FE89D /* CYUserHeaderToolButton.m in Sources */ = {isa = PBXBuildFile; fileRef = 145E58FC1EBC2E1E006FE89D /* CYUserHeaderToolButton.m */; };
		145E59001EBC47EF006FE89D /* CYUserInfoModel.m in Sources */ = {isa = PBXBuildFile; fileRef = 145E58FF1EBC47EF006FE89D /* CYUserInfoModel.m */; };
		145E59031EBC4858006FE89D /* CYBaseModel.m in Sources */ = {isa = PBXBuildFile; fileRef = 145E59021EBC4858006FE89D /* CYBaseModel.m */; };
		145E59081EBC5694006FE89D /* userImage.png in Resources */ = {isa = PBXBuildFile; fileRef = 145E59071EBC5694006FE89D /* userImage.png */; };
		146B6ABA1EBAD4000003D7BE /* CYUserToolView.m in Sources */ = {isa = PBXBuildFile; fileRef = 146B6AB91EBAD4000003D7BE /* CYUserToolView.m */; };
		146B6ABD1EBAF9A20003D7BE /* CYUserHeaderView.m in Sources */ = {isa = PBXBuildFile; fileRef = 146B6ABC1EBAF9A20003D7BE /* CYUserHeaderView.m */; };
		146B6AC01EBB36AF0003D7BE /* CYSettingViewController.m in Sources */ = {isa = PBXBuildFile; fileRef = 146B6ABF1EBB36AF0003D7BE /* CYSettingViewController.m */; };
		146B6AC31EBB36C30003D7BE /* CYRemindViewController.m in Sources */ = {isa = PBXBuildFile; fileRef = 146B6AC21EBB36C30003D7BE /* CYRemindViewController.m */; };
		14D2E5101EB8CCFA008C9D90 /* main.m in Sources */ = {isa = PBXBuildFile; fileRef = 14D2E50F1EB8CCFA008C9D90 /* main.m */; };
		14D2E5191EB8CCFA008C9D90 /* Main.storyboard in Resources */ = {isa = PBXBuildFile; fileRef = 14D2E5171EB8CCFA008C9D90 /* Main.storyboard */; };
		14D2E51C1EB8CCFA008C9D90 /* ChaoYue.xcdatamodeld in Sources */ = {isa = PBXBuildFile; fileRef = 14D2E51A1EB8CCFA008C9D90 /* ChaoYue.xcdatamodeld */; };
		14D2E51E1EB8CCFA008C9D90 /* Assets.xcassets in Resources */ = {isa = PBXBuildFile; fileRef = 14D2E51D1EB8CCFA008C9D90 /* Assets.xcassets */; };
		14D2E5211EB8CCFA008C9D90 /* LaunchScreen.storyboard in Resources */ = {isa = PBXBuildFile; fileRef = 14D2E51F1EB8CCFA008C9D90 /* LaunchScreen.storyboard */; };
/* End PBXBuildFile section */

/* Begin PBXFileReference section */
		143807031EB9678C0009EC0B /* AppDelegate.h */ = {isa = PBXFileReference; fileEncoding = 4; lastKnownFileType = sourcecode.c.h; path = AppDelegate.h; sourceTree = "<group>"; };
		143807041EB9678C0009EC0B /* AppDelegate.m */ = {isa = PBXFileReference; fileEncoding = 4; lastKnownFileType = sourcecode.c.objc; path = AppDelegate.m; sourceTree = "<group>"; };
		1438072C1EB968FF0009EC0B /* CYMainTabbarViewController.h */ = {isa = PBXFileReference; fileEncoding = 4; lastKnownFileType = sourcecode.c.h; path = CYMainTabbarViewController.h; sourceTree = "<group>"; };
		1438072D1EB968FF0009EC0B /* CYMainTabbarViewController.m */ = {isa = PBXFileReference; fileEncoding = 4; lastKnownFileType = sourcecode.c.objc; path = CYMainTabbarViewController.m; sourceTree = "<group>"; };
		1438072F1EB96B3E0009EC0B /* CYBaseViewController.h */ = {isa = PBXFileReference; fileEncoding = 4; lastKnownFileType = sourcecode.c.h; path = CYBaseViewController.h; sourceTree = "<group>"; };
		143807301EB96B3E0009EC0B /* CYBaseViewController.m */ = {isa = PBXFileReference; fileEncoding = 4; lastKnownFileType = sourcecode.c.objc; path = CYBaseViewController.m; sourceTree = "<group>"; };
		143807351EB96BDB0009EC0B /* CYBaseTableViewController.h */ = {isa = PBXFileReference; fileEncoding = 4; lastKnownFileType = sourcecode.c.h; path = CYBaseTableViewController.h; sourceTree = "<group>"; };
		143807361EB96BDB0009EC0B /* CYBaseTableViewController.m */ = {isa = PBXFileReference; fileEncoding = 4; lastKnownFileType = sourcecode.c.objc; path = CYBaseTableViewController.m; sourceTree = "<group>"; };
		143807471EB96E620009EC0B /* CYTrainViewController.h */ = {isa = PBXFileReference; fileEncoding = 4; lastKnownFileType = sourcecode.c.h; path = CYTrainViewController.h; sourceTree = "<group>"; };
		143807481EB96E620009EC0B /* CYTrainViewController.m */ = {isa = PBXFileReference; fileEncoding = 4; lastKnownFileType = sourcecode.c.objc; path = CYTrainViewController.m; sourceTree = "<group>"; };
		1438074A1EB96E850009EC0B /* CYDiscoverViewController.h */ = {isa = PBXFileReference; fileEncoding = 4; lastKnownFileType = sourcecode.c.h; path = CYDiscoverViewController.h; sourceTree = "<group>"; };
		1438074B1EB96E850009EC0B /* CYDiscoverViewController.m */ = {isa = PBXFileReference; fileEncoding = 4; lastKnownFileType = sourcecode.c.objc; path = CYDiscoverViewController.m; sourceTree = "<group>"; };
		1438074D1EB96E9A0009EC0B /* CYCompetitionViewController.h */ = {isa = PBXFileReference; fileEncoding = 4; lastKnownFileType = sourcecode.c.h; path = CYCompetitionViewController.h; sourceTree = "<group>"; };
		1438074E1EB96E9A0009EC0B /* CYCompetitionViewController.m */ = {isa = PBXFileReference; fileEncoding = 4; lastKnownFileType = sourcecode.c.objc; path = CYCompetitionViewController.m; sourceTree = "<group>"; };
		143807501EB96EB00009EC0B /* CYStoreViewController.h */ = {isa = PBXFileReference; fileEncoding = 4; lastKnownFileType = sourcecode.c.h; path = CYStoreViewController.h; sourceTree = "<group>"; };
		143807511EB96EB00009EC0B /* CYStoreViewController.m */ = {isa = PBXFileReference; fileEncoding = 4; lastKnownFileType = sourcecode.c.objc; path = CYStoreViewController.m; sourceTree = "<group>"; };
		143807531EB96EC80009EC0B /* CYMeViewController.h */ = {isa = PBXFileReference; fileEncoding = 4; lastKnownFileType = sourcecode.c.h; path = CYMeViewController.h; sourceTree = "<group>"; };
		143807541EB96EC80009EC0B /* CYMeViewController.m */ = {isa = PBXFileReference; fileEncoding = 4; lastKnownFileType = sourcecode.c.objc; path = CYMeViewController.m; sourceTree = "<group>"; };
		143807561EB96FF80009EC0B /* CYBaseNavigationViewController.h */ = {isa = PBXFileReference; fileEncoding = 4; lastKnownFileType = sourcecode.c.h; path = CYBaseNavigationViewController.h; sourceTree = "<group>"; };
		143807571EB96FF80009EC0B /* CYBaseNavigationViewController.m */ = {isa = PBXFileReference; fileEncoding = 4; lastKnownFileType = sourcecode.c.objc; path = CYBaseNavigationViewController.m; sourceTree = "<group>"; };
		1438075B1EB981160009EC0B /* CYDefaultHeader.h */ = {isa = PBXFileReference; lastKnownFileType = sourcecode.c.h; path = CYDefaultHeader.h; sourceTree = "<group>"; };
		1438075C1EB981560009EC0B /* CYPrefixHeader.pch */ = {isa = PBXFileReference; lastKnownFileType = sourcecode.c.h; path = CYPrefixHeader.pch; sourceTree = "<group>"; };
		1438075D1EB9A2CF0009EC0B /* CYDiscoverTitleView.h */ = {isa = PBXFileReference; fileEncoding = 4; lastKnownFileType = sourcecode.c.h; path = CYDiscoverTitleView.h; sourceTree = "<group>"; };
		1438075E1EB9A2CF0009EC0B /* CYDiscoverTitleView.m */ = {isa = PBXFileReference; fileEncoding = 4; lastKnownFileType = sourcecode.c.objc; path = CYDiscoverTitleView.m; sourceTree = "<group>"; };
		143807601EB9A9160009EC0B /* CYDiscoverTitleViewItemView.h */ = {isa = PBXFileReference; fileEncoding = 4; lastKnownFileType = sourcecode.c.h; path = CYDiscoverTitleViewItemView.h; sourceTree = "<group>"; };
		143807611EB9A9160009EC0B /* CYDiscoverTitleViewItemView.m */ = {isa = PBXFileReference; fileEncoding = 4; lastKnownFileType = sourcecode.c.objc; path = CYDiscoverTitleViewItemView.m; sourceTree = "<group>"; };
		143807631EB9B7B10009EC0B /* CYRecommendViewController.h */ = {isa = PBXFileReference; fileEncoding = 4; lastKnownFileType = sourcecode.c.h; path = CYRecommendViewController.h; sourceTree = "<group>"; };
		143807641EB9B7B10009EC0B /* CYRecommendViewController.m */ = {isa = PBXFileReference; fileEncoding = 4; lastKnownFileType = sourcecode.c.objc; path = CYRecommendViewController.m; sourceTree = "<group>"; };
		143807661EB9B8050009EC0B /* CYEvaluationViewController.h */ = {isa = PBXFileReference; fileEncoding = 4; lastKnownFileType = sourcecode.c.h; path = CYEvaluationViewController.h; sourceTree = "<group>"; };
		143807671EB9B8050009EC0B /* CYEvaluationViewController.m */ = {isa = PBXFileReference; fileEncoding = 4; lastKnownFileType = sourcecode.c.objc; path = CYEvaluationViewController.m; sourceTree = "<group>"; };
		143807691EB9B81E0009EC0B /* CYLoseWeightViewController.h */ = {isa = PBXFileReference; fileEncoding = 4; lastKnownFileType = sourcecode.c.h; path = CYLoseWeightViewController.h; sourceTree = "<group>"; };
		1438076A1EB9B81E0009EC0B /* CYLoseWeightViewController.m */ = {isa = PBXFileReference; fileEncoding = 4; lastKnownFileType = sourcecode.c.objc; path = CYLoseWeightViewController.m; sourceTree = "<group>"; };
		1438076C1EB9B8290009EC0B /* CYSportViewController.h */ = {isa = PBXFileReference; fileEncoding = 4; lastKnownFileType = sourcecode.c.h; path = CYSportViewController.h; sourceTree = "<group>"; };
		1438076D1EB9B8290009EC0B /* CYSportViewController.m */ = {isa = PBXFileReference; fileEncoding = 4; lastKnownFileType = sourcecode.c.objc; path = CYSportViewController.m; sourceTree = "<group>"; };
		143807711EB9D4460009EC0B /* UIView+Frame.h */ = {isa = PBXFileReference; fileEncoding = 4; lastKnownFileType = sourcecode.c.h; path = "UIView+Frame.h"; sourceTree = "<group>"; };
		143807721EB9D4460009EC0B /* UIView+Frame.m */ = {isa = PBXFileReference; fileEncoding = 4; lastKnownFileType = sourcecode.c.objc; path = "UIView+Frame.m"; sourceTree = "<group>"; };
		143807761EB9DB530009EC0B /* CYCustomSlideViewController.h */ = {isa = PBXFileReference; fileEncoding = 4; lastKnownFileType = sourcecode.c.h; path = CYCustomSlideViewController.h; sourceTree = "<group>"; };
		143807771EB9DB530009EC0B /* CYCustomSlideViewController.m */ = {isa = PBXFileReference; fileEncoding = 4; lastKnownFileType = sourcecode.c.objc; path = CYCustomSlideViewController.m; sourceTree = "<group>"; };
		145E58F01EBC124F006FE89D /* CYPersonalCenterHeaderConstant.h */ = {isa = PBXFileReference; lastKnownFileType = sourcecode.c.h; path = CYPersonalCenterHeaderConstant.h; sourceTree = "<group>"; };
		145E58F21EBC2146006FE89D /* CYStateViewController.h */ = {isa = PBXFileReference; fileEncoding = 4; lastKnownFileType = sourcecode.c.h; path = CYStateViewController.h; sourceTree = "<group>"; };
		145E58F31EBC2146006FE89D /* CYStateViewController.m */ = {isa = PBXFileReference; fileEncoding = 4; lastKnownFileType = sourcecode.c.objc; path = CYStateViewController.m; sourceTree = "<group>"; };
		145E58F51EBC2163006FE89D /* CYFollowViewController.h */ = {isa = PBXFileReference; fileEncoding = 4; lastKnownFileType = sourcecode.c.h; path = CYFollowViewController.h; sourceTree = "<group>"; };
		145E58F61EBC2163006FE89D /* CYFollowViewController.m */ = {isa = PBXFileReference; fileEncoding = 4; lastKnownFileType = sourcecode.c.objc; path = CYFollowViewController.m; sourceTree = "<group>"; };
		145E58F81EBC217A006FE89D /* CYFansViewController.h */ = {isa = PBXFileReference; fileEncoding = 4; lastKnownFileType = sourcecode.c.h; path = CYFansViewController.h; sourceTree = "<group>"; };
		145E58F91EBC217A006FE89D /* CYFansViewController.m */ = {isa = PBXFileReference; fileEncoding = 4; lastKnownFileType = sourcecode.c.objc; path = CYFansViewController.m; sourceTree = "<group>"; };
		145E58FB1EBC2E1E006FE89D /* CYUserHeaderToolButton.h */ = {isa = PBXFileReference; fileEncoding = 4; lastKnownFileType = sourcecode.c.h; path = CYUserHeaderToolButton.h; sourceTree = "<group>"; };
		145E58FC1EBC2E1E006FE89D /* CYUserHeaderToolButton.m */ = {isa = PBXFileReference; fileEncoding = 4; lastKnownFileType = sourcecode.c.objc; path = CYUserHeaderToolButton.m; sourceTree = "<group>"; };
		145E58FE1EBC47EF006FE89D /* CYUserInfoModel.h */ = {isa = PBXFileReference; fileEncoding = 4; lastKnownFileType = sourcecode.c.h; path = CYUserInfoModel.h; sourceTree = "<group>"; };
		145E58FF1EBC47EF006FE89D /* CYUserInfoModel.m */ = {isa = PBXFileReference; fileEncoding = 4; lastKnownFileType = sourcecode.c.objc; path = CYUserInfoModel.m; sourceTree = "<group>"; };
		145E59011EBC4858006FE89D /* CYBaseModel.h */ = {isa = PBXFileReference; fileEncoding = 4; lastKnownFileType = sourcecode.c.h; path = CYBaseModel.h; sourceTree = "<group>"; };
		145E59021EBC4858006FE89D /* CYBaseModel.m */ = {isa = PBXFileReference; fileEncoding = 4; lastKnownFileType = sourcecode.c.objc; path = CYBaseModel.m; sourceTree = "<group>"; };
		145E59071EBC5694006FE89D /* userImage.png */ = {isa = PBXFileReference; lastKnownFileType = image.png; path = userImage.png; sourceTree = "<group>"; };
		146B6AB81EBAD4000003D7BE /* CYUserToolView.h */ = {isa = PBXFileReference; fileEncoding = 4; lastKnownFileType = sourcecode.c.h; path = CYUserToolView.h; sourceTree = "<group>"; };
		146B6AB91EBAD4000003D7BE /* CYUserToolView.m */ = {isa = PBXFileReference; fileEncoding = 4; lastKnownFileType = sourcecode.c.objc; path = CYUserToolView.m; sourceTree = "<group>"; };
		146B6ABB1EBAF9A20003D7BE /* CYUserHeaderView.h */ = {isa = PBXFileReference; fileEncoding = 4; lastKnownFileType = sourcecode.c.h; path = CYUserHeaderView.h; sourceTree = "<group>"; };
		146B6ABC1EBAF9A20003D7BE /* CYUserHeaderView.m */ = {isa = PBXFileReference; fileEncoding = 4; lastKnownFileType = sourcecode.c.objc; path = CYUserHeaderView.m; sourceTree = "<group>"; };
		146B6ABE1EBB36AF0003D7BE /* CYSettingViewController.h */ = {isa = PBXFileReference; fileEncoding = 4; lastKnownFileType = sourcecode.c.h; path = CYSettingViewController.h; sourceTree = "<group>"; };
		146B6ABF1EBB36AF0003D7BE /* CYSettingViewController.m */ = {isa = PBXFileReference; fileEncoding = 4; lastKnownFileType = sourcecode.c.objc; path = CYSettingViewController.m; sourceTree = "<group>"; };
		146B6AC11EBB36C30003D7BE /* CYRemindViewController.h */ = {isa = PBXFileReference; fileEncoding = 4; lastKnownFileType = sourcecode.c.h; path = CYRemindViewController.h; sourceTree = "<group>"; };
		146B6AC21EBB36C30003D7BE /* CYRemindViewController.m */ = {isa = PBXFileReference; fileEncoding = 4; lastKnownFileType = sourcecode.c.objc; path = CYRemindViewController.m; sourceTree = "<group>"; };
		14D2E50B1EB8CCFA008C9D90 /* ChaoYue.app */ = {isa = PBXFileReference; explicitFileType = wrapper.application; includeInIndex = 0; path = ChaoYue.app; sourceTree = BUILT_PRODUCTS_DIR; };
		14D2E50F1EB8CCFA008C9D90 /* main.m */ = {isa = PBXFileReference; lastKnownFileType = sourcecode.c.objc; path = main.m; sourceTree = "<group>"; };
		14D2E5181EB8CCFA008C9D90 /* Base */ = {isa = PBXFileReference; lastKnownFileType = file.storyboard; name = Base; path = Base.lproj/Main.storyboard; sourceTree = "<group>"; };
		14D2E51B1EB8CCFA008C9D90 /* ChaoYue.xcdatamodel */ = {isa = PBXFileReference; lastKnownFileType = wrapper.xcdatamodel; path = ChaoYue.xcdatamodel; sourceTree = "<group>"; };
		14D2E51D1EB8CCFA008C9D90 /* Assets.xcassets */ = {isa = PBXFileReference; lastKnownFileType = folder.assetcatalog; path = Assets.xcassets; sourceTree = "<group>"; };
		14D2E5201EB8CCFA008C9D90 /* Base */ = {isa = PBXFileReference; lastKnownFileType = file.storyboard; name = Base; path = Base.lproj/LaunchScreen.storyboard; sourceTree = "<group>"; };
		14D2E5221EB8CCFA008C9D90 /* Info.plist */ = {isa = PBXFileReference; lastKnownFileType = text.plist.xml; path = Info.plist; sourceTree = "<group>"; };
/* End PBXFileReference section */

/* Begin PBXFrameworksBuildPhase section */
		14D2E5081EB8CCFA008C9D90 /* Frameworks */ = {
			isa = PBXFrameworksBuildPhase;
			buildActionMask = 2147483647;
			files = (
			);
			runOnlyForDeploymentPostprocessing = 0;
		};
/* End PBXFrameworksBuildPhase section */

/* Begin PBXGroup section */
		143807021EB9678C0009EC0B /* Application */ = {
			isa = PBXGroup;
			children = (
				143807031EB9678C0009EC0B /* AppDelegate.h */,
				143807041EB9678C0009EC0B /* AppDelegate.m */,
			);
			path = Application;
			sourceTree = "<group>";
		};
		143807051EB9678C0009EC0B /* Base */ = {
			isa = PBXGroup;
			children = (
				143807061EB9678C0009EC0B /* Controller */,
				143807071EB9678C0009EC0B /* Model */,
				143807081EB9678C0009EC0B /* Request */,
				143807091EB9678C0009EC0B /* View */,
			);
			path = Base;
			sourceTree = "<group>";
		};
		143807061EB9678C0009EC0B /* Controller */ = {
			isa = PBXGroup;
			children = (
				1438072F1EB96B3E0009EC0B /* CYBaseViewController.h */,
				143807301EB96B3E0009EC0B /* CYBaseViewController.m */,
				143807351EB96BDB0009EC0B /* CYBaseTableViewController.h */,
				143807361EB96BDB0009EC0B /* CYBaseTableViewController.m */,
				143807561EB96FF80009EC0B /* CYBaseNavigationViewController.h */,
				143807571EB96FF80009EC0B /* CYBaseNavigationViewController.m */,
			);
			path = Controller;
			sourceTree = "<group>";
		};
		143807071EB9678C0009EC0B /* Model */ = {
			isa = PBXGroup;
			children = (
				145E59011EBC4858006FE89D /* CYBaseModel.h */,
				145E59021EBC4858006FE89D /* CYBaseModel.m */,
				145E58FE1EBC47EF006FE89D /* CYUserInfoModel.h */,
				145E58FF1EBC47EF006FE89D /* CYUserInfoModel.m */,
			);
			path = Model;
			sourceTree = "<group>";
		};
		143807081EB9678C0009EC0B /* Request */ = {
			isa = PBXGroup;
			children = (
			);
			path = Request;
			sourceTree = "<group>";
		};
		143807091EB9678C0009EC0B /* View */ = {
			isa = PBXGroup;
			children = (
			);
			path = View;
			sourceTree = "<group>";
		};
		1438070A1EB9678C0009EC0B /* Competition（赛事） */ = {
			isa = PBXGroup;
			children = (
				1438070B1EB9678C0009EC0B /* Controller */,
				1438070C1EB9678C0009EC0B /* Model */,
				1438070D1EB9678C0009EC0B /* Request */,
				1438070E1EB9678C0009EC0B /* View */,
			);
			name = "Competition（赛事）";
			path = Competition;
			sourceTree = "<group>";
		};
		1438070B1EB9678C0009EC0B /* Controller */ = {
			isa = PBXGroup;
			children = (
				1438074D1EB96E9A0009EC0B /* CYCompetitionViewController.h */,
				1438074E1EB96E9A0009EC0B /* CYCompetitionViewController.m */,
			);
			path = Controller;
			sourceTree = "<group>";
		};
		1438070C1EB9678C0009EC0B /* Model */ = {
			isa = PBXGroup;
			children = (
			);
			path = Model;
			sourceTree = "<group>";
		};
		1438070D1EB9678C0009EC0B /* Request */ = {
			isa = PBXGroup;
			children = (
			);
			path = Request;
			sourceTree = "<group>";
		};
		1438070E1EB9678C0009EC0B /* View */ = {
			isa = PBXGroup;
			children = (
			);
			path = View;
			sourceTree = "<group>";
		};
		1438070F1EB9678C0009EC0B /* Discover（发现） */ = {
			isa = PBXGroup;
			children = (
				143807101EB9678C0009EC0B /* Controller */,
				143807111EB9678C0009EC0B /* Model */,
				143807121EB9678C0009EC0B /* View */,
			);
			name = "Discover（发现）";
			path = Discover;
			sourceTree = "<group>";
		};
		143807101EB9678C0009EC0B /* Controller */ = {
			isa = PBXGroup;
			children = (
				1438074A1EB96E850009EC0B /* CYDiscoverViewController.h */,
				1438074B1EB96E850009EC0B /* CYDiscoverViewController.m */,
				143807631EB9B7B10009EC0B /* CYRecommendViewController.h */,
				143807641EB9B7B10009EC0B /* CYRecommendViewController.m */,
				143807661EB9B8050009EC0B /* CYEvaluationViewController.h */,
				143807671EB9B8050009EC0B /* CYEvaluationViewController.m */,
				143807691EB9B81E0009EC0B /* CYLoseWeightViewController.h */,
				1438076A1EB9B81E0009EC0B /* CYLoseWeightViewController.m */,
				1438076C1EB9B8290009EC0B /* CYSportViewController.h */,
				1438076D1EB9B8290009EC0B /* CYSportViewController.m */,
			);
			path = Controller;
			sourceTree = "<group>";
		};
		143807111EB9678C0009EC0B /* Model */ = {
			isa = PBXGroup;
			children = (
			);
			path = Model;
			sourceTree = "<group>";
		};
		143807121EB9678C0009EC0B /* View */ = {
			isa = PBXGroup;
			children = (
				1438075D1EB9A2CF0009EC0B /* CYDiscoverTitleView.h */,
				1438075E1EB9A2CF0009EC0B /* CYDiscoverTitleView.m */,
				143807601EB9A9160009EC0B /* CYDiscoverTitleViewItemView.h */,
				143807611EB9A9160009EC0B /* CYDiscoverTitleViewItemView.m */,
			);
			path = View;
			sourceTree = "<group>";
		};
		143807131EB9678C0009EC0B /* Login */ = {
			isa = PBXGroup;
			children = (
				143807141EB9678C0009EC0B /* Controller */,
				143807151EB9678C0009EC0B /* Model */,
				143807161EB9678C0009EC0B /* View */,
			);
			path = Login;
			sourceTree = "<group>";
		};
		143807141EB9678C0009EC0B /* Controller */ = {
			isa = PBXGroup;
			children = (
			);
			path = Controller;
			sourceTree = "<group>";
		};
		143807151EB9678C0009EC0B /* Model */ = {
			isa = PBXGroup;
			children = (
			);
			path = Model;
			sourceTree = "<group>";
		};
		143807161EB9678C0009EC0B /* View */ = {
			isa = PBXGroup;
			children = (
			);
			path = View;
			sourceTree = "<group>";
		};
		143807171EB9678C0009EC0B /* Main */ = {
			isa = PBXGroup;
			children = (
				143807181EB9678C0009EC0B /* Controller */,
				143807191EB9678C0009EC0B /* Model */,
				1438071A1EB9678C0009EC0B /* View */,
			);
			path = Main;
			sourceTree = "<group>";
		};
		143807181EB9678C0009EC0B /* Controller */ = {
			isa = PBXGroup;
			children = (
				1438072C1EB968FF0009EC0B /* CYMainTabbarViewController.h */,
				1438072D1EB968FF0009EC0B /* CYMainTabbarViewController.m */,
			);
			path = Controller;
			sourceTree = "<group>";
		};
		143807191EB9678C0009EC0B /* Model */ = {
			isa = PBXGroup;
			children = (
			);
			path = Model;
			sourceTree = "<group>";
		};
		1438071A1EB9678C0009EC0B /* View */ = {
			isa = PBXGroup;
			children = (
			);
			path = View;
			sourceTree = "<group>";
		};
		1438071B1EB9678C0009EC0B /* Me（我的） */ = {
			isa = PBXGroup;
			children = (
				1438071C1EB9678C0009EC0B /* Controller */,
				1438071D1EB9678C0009EC0B /* Model */,
				1438071E1EB9678C0009EC0B /* View */,
			);
			name = "Me（我的）";
			path = Me;
			sourceTree = "<group>";
		};
		1438071C1EB9678C0009EC0B /* Controller */ = {
			isa = PBXGroup;
			children = (
				143807531EB96EC80009EC0B /* CYMeViewController.h */,
				143807541EB96EC80009EC0B /* CYMeViewController.m */,
				146B6ABE1EBB36AF0003D7BE /* CYSettingViewController.h */,
				146B6ABF1EBB36AF0003D7BE /* CYSettingViewController.m */,
				146B6AC11EBB36C30003D7BE /* CYRemindViewController.h */,
				146B6AC21EBB36C30003D7BE /* CYRemindViewController.m */,
				145E58F21EBC2146006FE89D /* CYStateViewController.h */,
				145E58F31EBC2146006FE89D /* CYStateViewController.m */,
				145E58F51EBC2163006FE89D /* CYFollowViewController.h */,
				145E58F61EBC2163006FE89D /* CYFollowViewController.m */,
				145E58F81EBC217A006FE89D /* CYFansViewController.h */,
				145E58F91EBC217A006FE89D /* CYFansViewController.m */,
			);
			path = Controller;
			sourceTree = "<group>";
		};
		1438071D1EB9678C0009EC0B /* Model */ = {
			isa = PBXGroup;
			children = (
				145E58F01EBC124F006FE89D /* CYPersonalCenterHeaderConstant.h */,
			);
			path = Model;
			sourceTree = "<group>";
		};
		1438071E1EB9678C0009EC0B /* View */ = {
			isa = PBXGroup;
			children = (
				146B6AB81EBAD4000003D7BE /* CYUserToolView.h */,
				146B6AB91EBAD4000003D7BE /* CYUserToolView.m */,
				146B6ABB1EBAF9A20003D7BE /* CYUserHeaderView.h */,
				146B6ABC1EBAF9A20003D7BE /* CYUserHeaderView.m */,
				145E58FB1EBC2E1E006FE89D /* CYUserHeaderToolButton.h */,
				145E58FC1EBC2E1E006FE89D /* CYUserHeaderToolButton.m */,
			);
			path = View;
			sourceTree = "<group>";
		};
		1438071F1EB9678C0009EC0B /* Publish */ = {
			isa = PBXGroup;
			children = (
			);
			path = Publish;
			sourceTree = "<group>";
		};
		143807201EB9678C0009EC0B /* Store（商城） */ = {
			isa = PBXGroup;
			children = (
				143807211EB9678C0009EC0B /* Controller */,
				143807221EB9678C0009EC0B /* Model */,
				143807231EB9678C0009EC0B /* View */,
			);
			name = "Store（商城）";
			path = Store;
			sourceTree = "<group>";
		};
		143807211EB9678C0009EC0B /* Controller */ = {
			isa = PBXGroup;
			children = (
				143807501EB96EB00009EC0B /* CYStoreViewController.h */,
				143807511EB96EB00009EC0B /* CYStoreViewController.m */,
			);
			path = Controller;
			sourceTree = "<group>";
		};
		143807221EB9678C0009EC0B /* Model */ = {
			isa = PBXGroup;
			children = (
			);
			path = Model;
			sourceTree = "<group>";
		};
		143807231EB9678C0009EC0B /* View */ = {
			isa = PBXGroup;
			children = (
			);
			path = View;
			sourceTree = "<group>";
		};
		143807241EB9678C0009EC0B /* Train（训练） */ = {
			isa = PBXGroup;
			children = (
				143807251EB9678C0009EC0B /* Controller */,
				143807261EB9678C0009EC0B /* Model */,
				143807271EB9678C0009EC0B /* View */,
			);
			name = "Train（训练）";
			path = Train;
			sourceTree = "<group>";
		};
		143807251EB9678C0009EC0B /* Controller */ = {
			isa = PBXGroup;
			children = (
				143807471EB96E620009EC0B /* CYTrainViewController.h */,
				143807481EB96E620009EC0B /* CYTrainViewController.m */,
			);
			path = Controller;
			sourceTree = "<group>";
		};
		143807261EB9678C0009EC0B /* Model */ = {
			isa = PBXGroup;
			children = (
			);
			path = Model;
			sourceTree = "<group>";
		};
		143807271EB9678C0009EC0B /* View */ = {
			isa = PBXGroup;
			children = (
			);
			path = View;
			sourceTree = "<group>";
		};
		143807591EB980FD0009EC0B /* Other */ = {
			isa = PBXGroup;
			children = (
				145E59041EBC544C006FE89D /* Resource */,
				143807741EB9DB350009EC0B /* Custom */,
				1438076F1EB9D4360009EC0B /* Category */,
				1438075A1EB980FD0009EC0B /* Tool */,
			);
			path = Other;
			sourceTree = "<group>";
		};
		1438075A1EB980FD0009EC0B /* Tool */ = {
			isa = PBXGroup;
			children = (
				1438075B1EB981160009EC0B /* CYDefaultHeader.h */,
			);
			path = Tool;
			sourceTree = "<group>";
		};
		1438076F1EB9D4360009EC0B /* Category */ = {
			isa = PBXGroup;
			children = (
				143807701EB9D4360009EC0B /* UIKit */,
			);
			path = Category;
			sourceTree = "<group>";
		};
		143807701EB9D4360009EC0B /* UIKit */ = {
			isa = PBXGroup;
			children = (
				143807711EB9D4460009EC0B /* UIView+Frame.h */,
				143807721EB9D4460009EC0B /* UIView+Frame.m */,
			);
			path = UIKit;
			sourceTree = "<group>";
		};
		143807741EB9DB350009EC0B /* Custom */ = {
			isa = PBXGroup;
			children = (
				143807751EB9DB350009EC0B /* Controller */,
			);
			path = Custom;
			sourceTree = "<group>";
		};
		143807751EB9DB350009EC0B /* Controller */ = {
			isa = PBXGroup;
			children = (
				143807761EB9DB530009EC0B /* CYCustomSlideViewController.h */,
				143807771EB9DB530009EC0B /* CYCustomSlideViewController.m */,
			);
			path = Controller;
			sourceTree = "<group>";
		};
		145E59041EBC544C006FE89D /* Resource */ = {
			isa = PBXGroup;
			children = (
			);
			path = Resource;
			sourceTree = "<group>";
		};
		14D2E5021EB8CCFA008C9D90 = {
			isa = PBXGroup;
			children = (
				14D2E50D1EB8CCFA008C9D90 /* ChaoYue */,
				14D2E50C1EB8CCFA008C9D90 /* Products */,
			);
			sourceTree = "<group>";
		};
		14D2E50C1EB8CCFA008C9D90 /* Products */ = {
			isa = PBXGroup;
			children = (
				14D2E50B1EB8CCFA008C9D90 /* ChaoYue.app */,
			);
			name = Products;
			sourceTree = "<group>";
		};
		14D2E50D1EB8CCFA008C9D90 /* ChaoYue */ = {
			isa = PBXGroup;
			children = (
				143807021EB9678C0009EC0B /* Application */,
				143807051EB9678C0009EC0B /* Base */,
				143807171EB9678C0009EC0B /* Main */,
				143807241EB9678C0009EC0B /* Train（训练） */,
				1438070F1EB9678C0009EC0B /* Discover（发现） */,
				1438070A1EB9678C0009EC0B /* Competition（赛事） */,
				143807201EB9678C0009EC0B /* Store（商城） */,
				1438071B1EB9678C0009EC0B /* Me（我的） */,
				143807131EB9678C0009EC0B /* Login */,
				1438071F1EB9678C0009EC0B /* Publish */,
				143807591EB980FD0009EC0B /* Other */,
				14D2E5171EB8CCFA008C9D90 /* Main.storyboard */,
				14D2E51D1EB8CCFA008C9D90 /* Assets.xcassets */,
				14D2E5221EB8CCFA008C9D90 /* Info.plist */,
				14D2E50E1EB8CCFA008C9D90 /* Supporting Files */,
			);
			path = ChaoYue;
			sourceTree = "<group>";
		};
		14D2E50E1EB8CCFA008C9D90 /* Supporting Files */ = {
			isa = PBXGroup;
			children = (
				145E59071EBC5694006FE89D /* userImage.png */,
				14D2E51F1EB8CCFA008C9D90 /* LaunchScreen.storyboard */,
				14D2E51A1EB8CCFA008C9D90 /* ChaoYue.xcdatamodeld */,
				14D2E50F1EB8CCFA008C9D90 /* main.m */,
				1438075C1EB981560009EC0B /* CYPrefixHeader.pch */,
			);
			name = "Supporting Files";
			sourceTree = "<group>";
		};
/* End PBXGroup section */

/* Begin PBXNativeTarget section */
		14D2E50A1EB8CCFA008C9D90 /* ChaoYue */ = {
			isa = PBXNativeTarget;
			buildConfigurationList = 14D2E5251EB8CCFA008C9D90 /* Build configuration list for PBXNativeTarget "ChaoYue" */;
			buildPhases = (
				14D2E5071EB8CCFA008C9D90 /* Sources */,
				14D2E5081EB8CCFA008C9D90 /* Frameworks */,
				14D2E5091EB8CCFA008C9D90 /* Resources */,
			);
			buildRules = (
			);
			dependencies = (
			);
			name = ChaoYue;
			productName = ChaoYue;
			productReference = 14D2E50B1EB8CCFA008C9D90 /* ChaoYue.app */;
			productType = "com.apple.product-type.application";
		};
/* End PBXNativeTarget section */

/* Begin PBXProject section */
		14D2E5031EB8CCFA008C9D90 /* Project object */ = {
			isa = PBXProject;
			attributes = {
				LastUpgradeCheck = 0830;
				ORGANIZATIONNAME = again;
				TargetAttributes = {
					14D2E50A1EB8CCFA008C9D90 = {
						CreatedOnToolsVersion = 8.3.2;
						DevelopmentTeam = TYNJB982YZ;
						ProvisioningStyle = Automatic;
					};
				};
			};
			buildConfigurationList = 14D2E5061EB8CCFA008C9D90 /* Build configuration list for PBXProject "ChaoYue" */;
			compatibilityVersion = "Xcode 3.2";
			developmentRegion = English;
			hasScannedForEncodings = 0;
			knownRegions = (
				en,
				Base,
			);
			mainGroup = 14D2E5021EB8CCFA008C9D90;
			productRefGroup = 14D2E50C1EB8CCFA008C9D90 /* Products */;
			projectDirPath = "";
			projectRoot = "";
			targets = (
				14D2E50A1EB8CCFA008C9D90 /* ChaoYue */,
			);
		};
/* End PBXProject section */

/* Begin PBXResourcesBuildPhase section */
		14D2E5091EB8CCFA008C9D90 /* Resources */ = {
			isa = PBXResourcesBuildPhase;
			buildActionMask = 2147483647;
			files = (
				14D2E5211EB8CCFA008C9D90 /* LaunchScreen.storyboard in Resources */,
				14D2E51E1EB8CCFA008C9D90 /* Assets.xcassets in Resources */,
				14D2E5191EB8CCFA008C9D90 /* Main.storyboard in Resources */,
				145E59081EBC5694006FE89D /* userImage.png in Resources */,
			);
			runOnlyForDeploymentPostprocessing = 0;
		};
/* End PBXResourcesBuildPhase section */

/* Begin PBXSourcesBuildPhase section */
		14D2E5071EB8CCFA008C9D90 /* Sources */ = {
			isa = PBXSourcesBuildPhase;
			buildActionMask = 2147483647;
			files = (
				143807621EB9A9160009EC0B /* CYDiscoverTitleViewItemView.m in Sources */,
				146B6AC01EBB36AF0003D7BE /* CYSettingViewController.m in Sources */,
				14D2E51C1EB8CCFA008C9D90 /* ChaoYue.xcdatamodeld in Sources */,
				14D2E5101EB8CCFA008C9D90 /* main.m in Sources */,
				146B6ABA1EBAD4000003D7BE /* CYUserToolView.m in Sources */,
				1438076E1EB9B8290009EC0B /* CYSportViewController.m in Sources */,
				146B6ABD1EBAF9A20003D7BE /* CYUserHeaderView.m in Sources */,
				143807371EB96BDB0009EC0B /* CYBaseTableViewController.m in Sources */,
				145E59001EBC47EF006FE89D /* CYUserInfoModel.m in Sources */,
				143807551EB96EC80009EC0B /* CYMeViewController.m in Sources */,
				1438075F1EB9A2CF0009EC0B /* CYDiscoverTitleView.m in Sources */,
				143807781EB9DB530009EC0B /* CYCustomSlideViewController.m in Sources */,
				145E58F41EBC2146006FE89D /* CYStateViewController.m in Sources */,
				143807521EB96EB00009EC0B /* CYStoreViewController.m in Sources */,
				1438074F1EB96E9A0009EC0B /* CYCompetitionViewController.m in Sources */,
				146B6AC31EBB36C30003D7BE /* CYRemindViewController.m in Sources */,
				145E59031EBC4858006FE89D /* CYBaseModel.m in Sources */,
				145E58FA1EBC217A006FE89D /* CYFansViewController.m in Sources */,
				145E58F71EBC2163006FE89D /* CYFollowViewController.m in Sources */,
				143807581EB96FF80009EC0B /* CYBaseNavigationViewController.m in Sources */,
				143807731EB9D4460009EC0B /* UIView+Frame.m in Sources */,
				143807281EB9678C0009EC0B /* AppDelegate.m in Sources */,
				143807681EB9B8050009EC0B /* CYEvaluationViewController.m in Sources */,
				1438074C1EB96E850009EC0B /* CYDiscoverViewController.m in Sources */,
				1438072E1EB968FF0009EC0B /* CYMainTabbarViewController.m in Sources */,
				1438076B1EB9B81E0009EC0B /* CYLoseWeightViewController.m in Sources */,
				143807491EB96E620009EC0B /* CYTrainViewController.m in Sources */,
				145E58FD1EBC2E1E006FE89D /* CYUserHeaderToolButton.m in Sources */,
				143807651EB9B7B10009EC0B /* CYRecommendViewController.m in Sources */,
				143807311EB96B3E0009EC0B /* CYBaseViewController.m in Sources */,
			);
			runOnlyForDeploymentPostprocessing = 0;
		};
/* End PBXSourcesBuildPhase section */

/* Begin PBXVariantGroup section */
		14D2E5171EB8CCFA008C9D90 /* Main.storyboard */ = {
			isa = PBXVariantGroup;
			children = (
				14D2E5181EB8CCFA008C9D90 /* Base */,
			);
			name = Main.storyboard;
			sourceTree = "<group>";
		};
		14D2E51F1EB8CCFA008C9D90 /* LaunchScreen.storyboard */ = {
			isa = PBXVariantGroup;
			children = (
				14D2E5201EB8CCFA008C9D90 /* Base */,
			);
			name = LaunchScreen.storyboard;
			sourceTree = "<group>";
		};
/* End PBXVariantGroup section */

/* Begin XCBuildConfiguration section */
		14D2E5231EB8CCFA008C9D90 /* Debug */ = {
			isa = XCBuildConfiguration;
			buildSettings = {
				ALWAYS_SEARCH_USER_PATHS = NO;
				CLANG_ANALYZER_NONNULL = YES;
				CLANG_ANALYZER_NUMBER_OBJECT_CONVERSION = YES_AGGRESSIVE;
				CLANG_CXX_LANGUAGE_STANDARD = "gnu++0x";
				CLANG_CXX_LIBRARY = "libc++";
				CLANG_ENABLE_MODULES = YES;
				CLANG_ENABLE_OBJC_ARC = YES;
				CLANG_WARN_BOOL_CONVERSION = YES;
				CLANG_WARN_CONSTANT_CONVERSION = YES;
				CLANG_WARN_DIRECT_OBJC_ISA_USAGE = YES_ERROR;
				CLANG_WARN_DOCUMENTATION_COMMENTS = YES;
				CLANG_WARN_EMPTY_BODY = YES;
				CLANG_WARN_ENUM_CONVERSION = YES;
				CLANG_WARN_INFINITE_RECURSION = YES;
				CLANG_WARN_INT_CONVERSION = YES;
				CLANG_WARN_OBJC_ROOT_CLASS = YES_ERROR;
				CLANG_WARN_SUSPICIOUS_MOVE = YES;
				CLANG_WARN_UNREACHABLE_CODE = YES;
				CLANG_WARN__DUPLICATE_METHOD_MATCH = YES;
				"CODE_SIGN_IDENTITY[sdk=iphoneos*]" = "iPhone Developer";
				COPY_PHASE_STRIP = NO;
				DEBUG_INFORMATION_FORMAT = dwarf;
				ENABLE_STRICT_OBJC_MSGSEND = YES;
				ENABLE_TESTABILITY = YES;
				GCC_C_LANGUAGE_STANDARD = gnu99;
				GCC_DYNAMIC_NO_PIC = NO;
				GCC_NO_COMMON_BLOCKS = YES;
				GCC_OPTIMIZATION_LEVEL = 0;
				GCC_PREPROCESSOR_DEFINITIONS = (
					"DEBUG=1",
					"$(inherited)",
				);
				GCC_WARN_64_TO_32_BIT_CONVERSION = YES;
				GCC_WARN_ABOUT_RETURN_TYPE = YES_ERROR;
				GCC_WARN_UNDECLARED_SELECTOR = YES;
				GCC_WARN_UNINITIALIZED_AUTOS = YES_AGGRESSIVE;
				GCC_WARN_UNUSED_FUNCTION = YES;
				GCC_WARN_UNUSED_VARIABLE = YES;
				IPHONEOS_DEPLOYMENT_TARGET = 10.3;
				MTL_ENABLE_DEBUG_INFO = YES;
				ONLY_ACTIVE_ARCH = YES;
				SDKROOT = iphoneos;
			};
			name = Debug;
		};
		14D2E5241EB8CCFA008C9D90 /* Release */ = {
			isa = XCBuildConfiguration;
			buildSettings = {
				ALWAYS_SEARCH_USER_PATHS = NO;
				CLANG_ANALYZER_NONNULL = YES;
				CLANG_ANALYZER_NUMBER_OBJECT_CONVERSION = YES_AGGRESSIVE;
				CLANG_CXX_LANGUAGE_STANDARD = "gnu++0x";
				CLANG_CXX_LIBRARY = "libc++";
				CLANG_ENABLE_MODULES = YES;
				CLANG_ENABLE_OBJC_ARC = YES;
				CLANG_WARN_BOOL_CONVERSION = YES;
				CLANG_WARN_CONSTANT_CONVERSION = YES;
				CLANG_WARN_DIRECT_OBJC_ISA_USAGE = YES_ERROR;
				CLANG_WARN_DOCUMENTATION_COMMENTS = YES;
				CLANG_WARN_EMPTY_BODY = YES;
				CLANG_WARN_ENUM_CONVERSION = YES;
				CLANG_WARN_INFINITE_RECURSION = YES;
				CLANG_WARN_INT_CONVERSION = YES;
				CLANG_WARN_OBJC_ROOT_CLASS = YES_ERROR;
				CLANG_WARN_SUSPICIOUS_MOVE = YES;
				CLANG_WARN_UNREACHABLE_CODE = YES;
				CLANG_WARN__DUPLICATE_METHOD_MATCH = YES;
				"CODE_SIGN_IDENTITY[sdk=iphoneos*]" = "iPhone Developer";
				COPY_PHASE_STRIP = NO;
				DEBUG_INFORMATION_FORMAT = "dwarf-with-dsym";
				ENABLE_NS_ASSERTIONS = NO;
				ENABLE_STRICT_OBJC_MSGSEND = YES;
				GCC_C_LANGUAGE_STANDARD = gnu99;
				GCC_NO_COMMON_BLOCKS = YES;
				GCC_WARN_64_TO_32_BIT_CONVERSION = YES;
				GCC_WARN_ABOUT_RETURN_TYPE = YES_ERROR;
				GCC_WARN_UNDECLARED_SELECTOR = YES;
				GCC_WARN_UNINITIALIZED_AUTOS = YES_AGGRESSIVE;
				GCC_WARN_UNUSED_FUNCTION = YES;
				GCC_WARN_UNUSED_VARIABLE = YES;
				IPHONEOS_DEPLOYMENT_TARGET = 10.3;
				MTL_ENABLE_DEBUG_INFO = NO;
				SDKROOT = iphoneos;
				VALIDATE_PRODUCT = YES;
			};
			name = Release;
		};
		14D2E5261EB8CCFA008C9D90 /* Debug */ = {
			isa = XCBuildConfiguration;
			buildSettings = {
				ASSETCATALOG_COMPILER_APPICON_NAME = AppIcon;
				DEVELOPMENT_TEAM = TYNJB982YZ;
				GCC_PREFIX_HEADER = /Users/again/Desktop/ChaoYue/ChaoYue/CYPrefixHeader.pch;
				INFOPLIST_FILE = ChaoYue/Info.plist;
				LD_RUNPATH_SEARCH_PATHS = "$(inherited) @executable_path/Frameworks";
				PRODUCT_BUNDLE_IDENTIFIER = cn.again.ChaoYue;
				PRODUCT_NAME = "$(TARGET_NAME)";
			};
			name = Debug;
		};
		14D2E5271EB8CCFA008C9D90 /* Release */ = {
			isa = XCBuildConfiguration;
			buildSettings = {
				ASSETCATALOG_COMPILER_APPICON_NAME = AppIcon;
				DEVELOPMENT_TEAM = TYNJB982YZ;
				GCC_PREFIX_HEADER = /Users/again/Desktop/ChaoYue/ChaoYue/CYPrefixHeader.pch;
				INFOPLIST_FILE = ChaoYue/Info.plist;
				LD_RUNPATH_SEARCH_PATHS = "$(inherited) @executable_path/Frameworks";
				PRODUCT_BUNDLE_IDENTIFIER = cn.again.ChaoYue;
				PRODUCT_NAME = "$(TARGET_NAME)";
			};
			name = Release;
		};
/* End XCBuildConfiguration section */

/* Begin XCConfigurationList section */
		14D2E5061EB8CCFA008C9D90 /* Build configuration list for PBXProject "ChaoYue" */ = {
			isa = XCConfigurationList;
			buildConfigurations = (
				14D2E5231EB8CCFA008C9D90 /* Debug */,
				14D2E5241EB8CCFA008C9D90 /* Release */,
			);
			defaultConfigurationIsVisible = 0;
			defaultConfigurationName = Release;
		};
		14D2E5251EB8CCFA008C9D90 /* Build configuration list for PBXNativeTarget "ChaoYue" */ = {
			isa = XCConfigurationList;
			buildConfigurations = (
				14D2E5261EB8CCFA008C9D90 /* Debug */,
				14D2E5271EB8CCFA008C9D90 /* Release */,
			);
			defaultConfigurationIsVisible = 0;
			defaultConfigurationName = Release;
		};
/* End XCConfigurationList section */

/* Begin XCVersionGroup section */
		14D2E51A1EB8CCFA008C9D90 /* ChaoYue.xcdatamodeld */ = {
			isa = XCVersionGroup;
			children = (
				14D2E51B1EB8CCFA008C9D90 /* ChaoYue.xcdatamodel */,
			);
			currentVersion = 14D2E51B1EB8CCFA008C9D90 /* ChaoYue.xcdatamodel */;
			path = ChaoYue.xcdatamodeld;
			sourceTree = "<group>";
			versionGroupType = wrapper.xcdatamodel;
		};
/* End XCVersionGroup section */
	};
	rootObject = 14D2E5031EB8CCFA008C9D90 /* Project object */;
}
